
Microsoft Visual Studio Solution File, Format Version 12.00
# Visual Studio Version 17
VisualStudioVersion = 17.10.34928.147
MinimumVisualStudioVersion = 10.0.40219.1
Project("{9A19103F-16F7-4668-BE54-9A1E7A4F7556}") = "DesignRecovery", "DesignRecovery\DesignRecovery.csproj", "{471996A4-298A-4BF8-A6E8-2001702670E1}"
EndProject
Project("{9A19103F-16F7-4668-BE54-9A1E7A4F7556}") = "Runner", "Runner\Runner.csproj", "{5C61B64F-1B95-4BA2-9AA4-60C0B64E8BF7}"
EndProject
Project("{9A19103F-16F7-4668-BE54-9A1E7A4F7556}") = "Constructs", "Constructs\Constructs.csproj", "{A75FD260-8D35-425C-8253-70DEB09D2070}"
EndProject
Project("{9A19103F-16F7-4668-BE54-9A1E7A4F7556}") = "UnitTests", "UnitTests\UnitTests.csproj", "{978B132B-F0CB-4F82-B0CF-1CC941091C43}"
EndProject
Project("{FAE04EC0-301F-11D3-BF4B-00C04F79EFBC}") = "Yamlite", "Yamlite\Yamlite.csproj", "{4AC2664C-C176-4D93-914B-EBF0B3F4AC64}"
EndProject
Global
	GlobalSection(SolutionConfigurationPlatforms) = preSolution
		Debug|Any CPU = Debug|Any CPU
		Release|Any CPU = Release|Any CPU
	EndGlobalSection
	GlobalSection(ProjectConfigurationPlatforms) = postSolution
		{471996A4-298A-4BF8-A6E8-2001702670E1}.Debug|Any CPU.ActiveCfg = Debug|Any CPU
		{471996A4-298A-4BF8-A6E8-2001702670E1}.Debug|Any CPU.Build.0 = Debug|Any CPU
		{471996A4-298A-4BF8-A6E8-2001702670E1}.Release|Any CPU.ActiveCfg = Release|Any CPU
		{471996A4-298A-4BF8-A6E8-2001702670E1}.Release|Any CPU.Build.0 = Release|Any CPU
		{5C61B64F-1B95-4BA2-9AA4-60C0B64E8BF7}.Debug|Any CPU.ActiveCfg = Debug|Any CPU
		{5C61B64F-1B95-4BA2-9AA4-60C0B64E8BF7}.Debug|Any CPU.Build.0 = Debug|Any CPU
		{5C61B64F-1B95-4BA2-9AA4-60C0B64E8BF7}.Release|Any CPU.ActiveCfg = Release|Any CPU
		{5C61B64F-1B95-4BA2-9AA4-60C0B64E8BF7}.Release|Any CPU.Build.0 = Release|Any CPU
		{A75FD260-8D35-425C-8253-70DEB09D2070}.Debug|Any CPU.ActiveCfg = Debug|Any CPU
		{A75FD260-8D35-425C-8253-70DEB09D2070}.Debug|Any CPU.Build.0 = Debug|Any CPU
		{A75FD260-8D35-425C-8253-70DEB09D2070}.Release|Any CPU.ActiveCfg = Release|Any CPU
		{A75FD260-8D35-425C-8253-70DEB09D2070}.Release|Any CPU.Build.0 = Release|Any CPU
		{978B132B-F0CB-4F82-B0CF-1CC941091C43}.Debug|Any CPU.ActiveCfg = Debug|Any CPU
		{978B132B-F0CB-4F82-B0CF-1CC941091C43}.Debug|Any CPU.Build.0 = Debug|Any CPU
		{978B132B-F0CB-4F82-B0CF-1CC941091C43}.Release|Any CPU.ActiveCfg = Release|Any CPU
		{978B132B-F0CB-4F82-B0CF-1CC941091C43}.Release|Any CPU.Build.0 = Release|Any CPU
		{4AC2664C-C176-4D93-914B-EBF0B3F4AC64}.Debug|Any CPU.ActiveCfg = Debug|Any CPU
		{4AC2664C-C176-4D93-914B-EBF0B3F4AC64}.Debug|Any CPU.Build.0 = Debug|Any CPU
		{4AC2664C-C176-4D93-914B-EBF0B3F4AC64}.Release|Any CPU.ActiveCfg = Release|Any CPU
		{4AC2664C-C176-4D93-914B-EBF0B3F4AC64}.Release|Any CPU.Build.0 = Release|Any CPU
	EndGlobalSection
	GlobalSection(SolutionProperties) = preSolution
		HideSolutionNode = FALSE
	EndGlobalSection
	GlobalSection(ExtensibilityGlobals) = postSolution
		SolutionGuid = {07E60214-2B9B-4B8C-899B-229B8EAAB88B}
	EndGlobalSection
EndGlobal
